{"is_source_file": false, "format": "", "description": "", "external_files": [], "external_methods": [], "published": [], "classes": [], "methods": [], "calls": [], "search-terms": [], "state": 2, "file_id": 34, "knowledge_revision": 72, "git_revision": "8d430855ef4ae170962345b92bc9c95ae607c99b", "hash": "e9b4c3b42cef0193b7fddb548d37e652", "format-version": 4, "code-base-name": "default", "filename": "easy_event_register_backend/post_process_status.lock", "revision_history": [{"72": "8d430855ef4ae170962345b92bc9c95ae607c99b"}]}